# THIS IS AN AUTOGENERATED FILE. DO NOT EDIT THIS FILE DIRECTLY.
# yarn lockfile v1


tinymce@^5.10.3:
  version "5.10.7"
  resolved "http://129.211.118.88:4873/tinymce/-/tinymce-5.10.7.tgz#d89d446f1962f2a1df6b2b70018ce475ec7ffb80"
  integrity sha512-9UUjaO0R7FxcFo0oxnd1lMs7H+D0Eh+dDVo5hKbVe1a+VB0nit97vOqlinj+YwgoBDt6/DSCUoWqAYlLI8BLYA==
